
Microsoft Visual Studio Solution File, Format Version 12.00
# Visual Studio Version 17
VisualStudioVersion = 17.14.36518.9 d17.14
MinimumVisualStudioVersion = 10.0.40219.1
Project("{FAE04EC0-301F-11D3-BF4B-00C04F79EFBC}") = "MinolForm1", "MinolForm1\MinolForm1.csproj", "{71D6BCA2-6129-40F3-B72F-4C5411C15102}"
EndProject
Global
	GlobalSection(SolutionConfigurationPlatforms) = preSolution
		Debug|Any CPU = Debug|Any CPU
		Release|Any CPU = Release|Any CPU
	EndGlobalSection
	GlobalSection(ProjectConfigurationPlatforms) = postSolution
		{71D6BCA2-6129-40F3-B72F-4C5411C15102}.Debug|Any CPU.ActiveCfg = Debug|Any CPU
		{71D6BCA2-6129-40F3-B72F-4C5411C15102}.Debug|Any CPU.Build.0 = Debug|Any CPU
		{71D6BCA2-6129-40F3-B72F-4C5411C15102}.Release|Any CPU.ActiveCfg = Release|Any CPU
		{71D6BCA2-6129-40F3-B72F-4C5411C15102}.Release|Any CPU.Build.0 = Release|Any CPU
	EndGlobalSection
	GlobalSection(SolutionProperties) = preSolution
		HideSolutionNode = FALSE
	EndGlobalSection
	GlobalSection(ExtensibilityGlobals) = postSolution
		SolutionGuid = {4CCF3739-D551-46D6-96FA-C114B12F6D9E}
	EndGlobalSection
EndGlobal
